
Microsoft Visual Studio Solution File, Format Version 12.00
# Visual Studio 2013
VisualStudioVersion = 12.0.31101.0
MinimumVisualStudioVersion = 10.0.40219.1
Project("{FAE04EC0-301F-11D3-BF4B-00C04F79EFBC}") = "WisFeed", "WisFeed\WisFeed.csproj", "{3CD22FDC-594F-4693-BB53-E67045DE4C19}"
EndProject
Project("{2150E333-8FDC-42A3-9474-1A3956D46DE8}") = "PublishScripts", "PublishScripts", "{811FE2D2-9EFF-47CB-B326-68DBDC2F4452}"
	ProjectSection(SolutionItems) = preProject
		PublishScripts\AzureWebsitePublishModule.psm1 = PublishScripts\AzureWebsitePublishModule.psm1
		PublishScripts\Publish-WebApplicationWebsite.ps1 = PublishScripts\Publish-WebApplicationWebsite.ps1
	EndProjectSection
EndProject
Project("{2150E333-8FDC-42A3-9474-1A3956D46DE8}") = "Configurations", "Configurations", "{E0C965DF-A23D-44D9-BD6F-525634ECF8AB}"
	ProjectSection(SolutionItems) = preProject
		PublishScripts\Configurations\WisFeed-WAWS-dev.json = PublishScripts\Configurations\WisFeed-WAWS-dev.json
	EndProjectSection
EndProject
Global
	GlobalSection(SolutionConfigurationPlatforms) = preSolution
		Debug|Any CPU = Debug|Any CPU
		Release|Any CPU = Release|Any CPU
	EndGlobalSection
	GlobalSection(ProjectConfigurationPlatforms) = postSolution
		{3CD22FDC-594F-4693-BB53-E67045DE4C19}.Debug|Any CPU.ActiveCfg = Debug|Any CPU
		{3CD22FDC-594F-4693-BB53-E67045DE4C19}.Debug|Any CPU.Build.0 = Debug|Any CPU
		{3CD22FDC-594F-4693-BB53-E67045DE4C19}.Release|Any CPU.ActiveCfg = Release|Any CPU
		{3CD22FDC-594F-4693-BB53-E67045DE4C19}.Release|Any CPU.Build.0 = Release|Any CPU
	EndGlobalSection
	GlobalSection(SolutionProperties) = preSolution
		HideSolutionNode = FALSE
	EndGlobalSection
	GlobalSection(NestedProjects) = preSolution
		{E0C965DF-A23D-44D9-BD6F-525634ECF8AB} = {811FE2D2-9EFF-47CB-B326-68DBDC2F4452}
	EndGlobalSection
EndGlobal
